// !$*UTF8*$!
{
	archiveVersion = 1;
	classes = {
	};
	objectVersion = 50;
	objects = {

/* Begin PBXBuildFile section */
		6111B066215AFDB20090CF58 /* AppDelegate.swift in Sources */ = {isa = PBXBuildFile; fileRef = 6111B065215AFDB20090CF58 /* AppDelegate.swift */; };
		6111B06D215AFDB20090CF58 /* Main.storyboard in Resources */ = {isa = PBXBuildFile; fileRef = 6111B06B215AFDB20090CF58 /* Main.storyboard */; };
		6111B06F215AFDB50090CF58 /* Assets.xcassets in Resources */ = {isa = PBXBuildFile; fileRef = 6111B06E215AFDB50090CF58 /* Assets.xcassets */; };
		6111B072215AFDB50090CF58 /* LaunchScreen.storyboard in Resources */ = {isa = PBXBuildFile; fileRef = 6111B070215AFDB50090CF58 /* LaunchScreen.storyboard */; };
		947AC28B7846B9715F17D165 /* Pods_MotionLearn.framework in Frameworks */ = {isa = PBXBuildFile; fileRef = 586A373A2F6F1D8B488286B7 /* Pods_MotionLearn.framework */; };
		CEFA98DC23F1F89900104ECF /* BlockVC.swift in Sources */ = {isa = PBXBuildFile; fileRef = CEFA98DB23F1F89900104ECF /* BlockVC.swift */; };
		D83539F0233F52E600AAD20F /* AppDelegate.swift in Resources */ = {isa = PBXBuildFile; fileRef = 6111B065215AFDB20090CF58 /* AppDelegate.swift */; };
		D842604B23408BF8001960FB /* LaunchVC.swift in Sources */ = {isa = PBXBuildFile; fileRef = D842604A23408BF8001960FB /* LaunchVC.swift */; };
		D8458F5B233F54D90025D40F /* ViewController.swift in Sources */ = {isa = PBXBuildFile; fileRef = D8458F5A233F54D90025D40F /* ViewController.swift */; };
		D8458F5D233F572C0025D40F /* ChooseImgVC.swift in Sources */ = {isa = PBXBuildFile; fileRef = D8458F5C233F572B0025D40F /* ChooseImgVC.swift */; };
		D8458F5F233F70660025D40F /* Router.swift in Sources */ = {isa = PBXBuildFile; fileRef = D8458F5E233F70660025D40F /* Router.swift */; };
		D8458F67233F8F220025D40F /* video.mp4 in Resources */ = {isa = PBXBuildFile; fileRef = D8458F66233F8F220025D40F /* video.mp4 */; };
		D8458F69233F9EE90025D40F /* Calculator.swift in Sources */ = {isa = PBXBuildFile; fileRef = D8458F68233F9EE90025D40F /* Calculator.swift */; };
		D8C7119F233FB88E00D77D75 /* Recorder.swift in Sources */ = {isa = PBXBuildFile; fileRef = D8C7119E233FB88E00D77D75 /* Recorder.swift */; };
		D8C711A1233FC65E00D77D75 /* AHandler.swift in Sources */ = {isa = PBXBuildFile; fileRef = D8C711A0233FC65E00D77D75 /* AHandler.swift */; };
/* End PBXBuildFile section */

/* Begin PBXFileReference section */
		41516E96BC9D617870E4FFC4 /* Pods-MotionLearn.release.xcconfig */ = {isa = PBXFileReference; includeInIndex = 1; lastKnownFileType = text.xcconfig; name = "Pods-MotionLearn.release.xcconfig"; path = "Target Support Files/Pods-MotionLearn/Pods-MotionLearn.release.xcconfig"; sourceTree = "<group>"; };
		521C0C6BB7F27FC22A57A3CC /* Pods-MotionLearn.debug.xcconfig */ = {isa = PBXFileReference; includeInIndex = 1; lastKnownFileType = text.xcconfig; name = "Pods-MotionLearn.debug.xcconfig"; path = "Target Support Files/Pods-MotionLearn/Pods-MotionLearn.debug.xcconfig"; sourceTree = "<group>"; };
		586A373A2F6F1D8B488286B7 /* Pods_MotionLearn.framework */ = {isa = PBXFileReference; explicitFileType = wrapper.framework; includeInIndex = 0; path = Pods_MotionLearn.framework; sourceTree = BUILT_PRODUCTS_DIR; };
		6111B062215AFDB20090CF58 /* Learning M.app */ = {isa = PBXFileReference; explicitFileType = wrapper.application; includeInIndex = 0; path = "Learning M.app"; sourceTree = BUILT_PRODUCTS_DIR; };
		6111B065215AFDB20090CF58 /* AppDelegate.swift */ = {isa = PBXFileReference; lastKnownFileType = sourcecode.swift; path = AppDelegate.swift; sourceTree = "<group>"; };
		6111B06C215AFDB20090CF58 /* Base */ = {isa = PBXFileReference; lastKnownFileType = file.storyboard; name = Base; path = Base.lproj/Main.storyboard; sourceTree = "<group>"; };
		6111B06E215AFDB50090CF58 /* Assets.xcassets */ = {isa = PBXFileReference; lastKnownFileType = folder.assetcatalog; path = Assets.xcassets; sourceTree = "<group>"; };
		6111B071215AFDB50090CF58 /* Base */ = {isa = PBXFileReference; lastKnownFileType = file.storyboard; name = Base; path = Base.lproj/LaunchScreen.storyboard; sourceTree = "<group>"; };
		6111B073215AFDB50090CF58 /* Info.plist */ = {isa = PBXFileReference; lastKnownFileType = text.plist.xml; path = Info.plist; sourceTree = "<group>"; };
		CEFA98DB23F1F89900104ECF /* BlockVC.swift */ = {isa = PBXFileReference; lastKnownFileType = sourcecode.swift; path = BlockVC.swift; sourceTree = "<group>"; };
		D842604A23408BF8001960FB /* LaunchVC.swift */ = {isa = PBXFileReference; fileEncoding = 4; lastKnownFileType = sourcecode.swift; name = LaunchVC.swift; path = emplate/LaunchVC.swift; sourceTree = "<group>"; };
		D8458F5A233F54D90025D40F /* ViewController.swift */ = {isa = PBXFileReference; fileEncoding = 4; lastKnownFileType = sourcecode.swift; path = ViewController.swift; sourceTree = "<group>"; };
		D8458F5C233F572B0025D40F /* ChooseImgVC.swift */ = {isa = PBXFileReference; fileEncoding = 4; lastKnownFileType = sourcecode.swift; path = ChooseImgVC.swift; sourceTree = "<group>"; };
		D8458F5E233F70660025D40F /* Router.swift */ = {isa = PBXFileReference; fileEncoding = 4; lastKnownFileType = sourcecode.swift; name = Router.swift; path = emplate/Router.swift; sourceTree = "<group>"; };
		D8458F66233F8F220025D40F /* video.mp4 */ = {isa = PBXFileReference; lastKnownFileType = file; path = video.mp4; sourceTree = "<group>"; };
		D8458F68233F9EE90025D40F /* Calculator.swift */ = {isa = PBXFileReference; fileEncoding = 4; lastKnownFileType = sourcecode.swift; name = Calculator.swift; path = emplate/Calculator.swift; sourceTree = "<group>"; };
		D8C7119E233FB88E00D77D75 /* Recorder.swift */ = {isa = PBXFileReference; fileEncoding = 4; lastKnownFileType = sourcecode.swift; name = Recorder.swift; path = emplate/Recorder.swift; sourceTree = "<group>"; };
		D8C711A0233FC65E00D77D75 /* AHandler.swift */ = {isa = PBXFileReference; fileEncoding = 4; lastKnownFileType = sourcecode.swift; name = AHandler.swift; path = emplate/AHandler.swift; sourceTree = "<group>"; };
/* End PBXFileReference section */

/* Begin PBXFrameworksBuildPhase section */
		6111B05F215AFDB10090CF58 /* Frameworks */ = {
			isa = PBXFrameworksBuildPhase;
			buildActionMask = 2147483647;
			files = (
				947AC28B7846B9715F17D165 /* Pods_MotionLearn.framework in Frameworks */,
			);
			runOnlyForDeploymentPostprocessing = 0;
		};
/* End PBXFrameworksBuildPhase section */

/* Begin PBXGroup section */
		6111B059215AFDB10090CF58 = {
			isa = PBXGroup;
			children = (
				D8458F66233F8F220025D40F /* video.mp4 */,
				6111B064215AFDB20090CF58 /* MotionLearn */,
				6111B063215AFDB20090CF58 /* Products */,
				7DD4CD48ABBDCF42477DC7BC /* Pods */,
				EABD40876B01B2195C01B093 /* Frameworks */,
			);
			sourceTree = "<group>";
		};
		6111B063215AFDB20090CF58 /* Products */ = {
			isa = PBXGroup;
			children = (
				6111B062215AFDB20090CF58 /* Learning M.app */,
			);
			name = Products;
			sourceTree = "<group>";
		};
		6111B064215AFDB20090CF58 /* MotionLearn */ = {
			isa = PBXGroup;
			children = (
				D8C7119E233FB88E00D77D75 /* Recorder.swift */,
				D8C711A0233FC65E00D77D75 /* AHandler.swift */,
				D842604A23408BF8001960FB /* LaunchVC.swift */,
				D8458F5C233F572B0025D40F /* ChooseImgVC.swift */,
				D8458F68233F9EE90025D40F /* Calculator.swift */,
				D8458F5E233F70660025D40F /* Router.swift */,
				D8458F5A233F54D90025D40F /* ViewController.swift */,
				6111B065215AFDB20090CF58 /* AppDelegate.swift */,
				6111B06B215AFDB20090CF58 /* Main.storyboard */,
				6111B06E215AFDB50090CF58 /* Assets.xcassets */,
				6111B070215AFDB50090CF58 /* LaunchScreen.storyboard */,
				6111B073215AFDB50090CF58 /* Info.plist */,
				CEFA98DB23F1F89900104ECF /* BlockVC.swift */,
			);
			path = MotionLearn;
			sourceTree = "<group>";
		};
		7DD4CD48ABBDCF42477DC7BC /* Pods */ = {
			isa = PBXGroup;
			children = (
				521C0C6BB7F27FC22A57A3CC /* Pods-MotionLearn.debug.xcconfig */,
				41516E96BC9D617870E4FFC4 /* Pods-MotionLearn.release.xcconfig */,
			);
			path = Pods;
			sourceTree = "<group>";
		};
		EABD40876B01B2195C01B093 /* Frameworks */ = {
			isa = PBXGroup;
			children = (
				586A373A2F6F1D8B488286B7 /* Pods_MotionLearn.framework */,
			);
			name = Frameworks;
			sourceTree = "<group>";
		};
/* End PBXGroup section */

/* Begin PBXNativeTarget section */
		6111B061215AFDB10090CF58 /* MotionLearn */ = {
			isa = PBXNativeTarget;
			buildConfigurationList = 6111B076215AFDB50090CF58 /* Build configuration list for PBXNativeTarget "MotionLearn" */;
			buildPhases = (
				22FF069C18F7BE114D7D1031 /* [CP] Check Pods Manifest.lock */,
				6111B05E215AFDB10090CF58 /* Sources */,
				6111B05F215AFDB10090CF58 /* Frameworks */,
				6111B060215AFDB10090CF58 /* Resources */,
			);
			buildRules = (
			);
			dependencies = (
			);
			name = MotionLearn;
			productName = NextReality_Tutorial8;
			productReference = 6111B062215AFDB20090CF58 /* Learning M.app */;
			productType = "com.apple.product-type.application";
		};
/* End PBXNativeTarget section */

/* Begin PBXProject section */
		6111B05A215AFDB10090CF58 /* Project object */ = {
			isa = PBXProject;
			attributes = {
				LastSwiftUpdateCheck = 0940;
				LastUpgradeCheck = 0940;
				ORGANIZATIONNAME = VK;
				TargetAttributes = {
					6111B061215AFDB10090CF58 = {
						CreatedOnToolsVersion = 9.4;
					};
				};
			};
			buildConfigurationList = 6111B05D215AFDB10090CF58 /* Build configuration list for PBXProject "MotionLearn" */;
			compatibilityVersion = "Xcode 9.3";
			developmentRegion = en;
			hasScannedForEncodings = 0;
			knownRegions = (
				en,
				Base,
			);
			mainGroup = 6111B059215AFDB10090CF58;
			productRefGroup = 6111B063215AFDB20090CF58 /* Products */;
			projectDirPath = "";
			projectRoot = "";
			targets = (
				6111B061215AFDB10090CF58 /* MotionLearn */,
			);
		};
/* End PBXProject section */

/* Begin PBXResourcesBuildPhase section */
		6111B060215AFDB10090CF58 /* Resources */ = {
			isa = PBXResourcesBuildPhase;
			buildActionMask = 2147483647;
			files = (
				D8458F67233F8F220025D40F /* video.mp4 in Resources */,
				D83539F0233F52E600AAD20F /* AppDelegate.swift in Resources */,
				6111B072215AFDB50090CF58 /* LaunchScreen.storyboard in Resources */,
				6111B06F215AFDB50090CF58 /* Assets.xcassets in Resources */,
				6111B06D215AFDB20090CF58 /* Main.storyboard in Resources */,
			);
			runOnlyForDeploymentPostprocessing = 0;
		};
/* End PBXResourcesBuildPhase section */

/* Begin PBXShellScriptBuildPhase section */
		22FF069C18F7BE114D7D1031 /* [CP] Check Pods Manifest.lock */ = {
			isa = PBXShellScriptBuildPhase;
			buildActionMask = 2147483647;
			files = (
			);
			inputFileListPaths = (
			);
			inputPaths = (
				"${PODS_PODFILE_DIR_PATH}/Podfile.lock",
				"${PODS_ROOT}/Manifest.lock",
			);
			name = "[CP] Check Pods Manifest.lock";
			outputFileListPaths = (
			);
			outputPaths = (
				"$(DERIVED_FILE_DIR)/Pods-MotionLearn-checkManifestLockResult.txt",
			);
			runOnlyForDeploymentPostprocessing = 0;
			shellPath = /bin/sh;
			shellScript = "diff \"${PODS_PODFILE_DIR_PATH}/Podfile.lock\" \"${PODS_ROOT}/Manifest.lock\" > /dev/null\nif [ $? != 0 ] ; then\n    # print error to STDERR\n    echo \"error: The sandbox is not in sync with the Podfile.lock. Run 'pod install' or update your CocoaPods installation.\" >&2\n    exit 1\nfi\n# This output is used by Xcode 'outputs' to avoid re-running this script phase.\necho \"SUCCESS\" > \"${SCRIPT_OUTPUT_FILE_0}\"\n";
			showEnvVarsInLog = 0;
		};
/* End PBXShellScriptBuildPhase section */

/* Begin PBXSourcesBuildPhase section */
		6111B05E215AFDB10090CF58 /* Sources */ = {
			isa = PBXSourcesBuildPhase;
			buildActionMask = 2147483647;
			files = (
				D8458F5F233F70660025D40F /* Router.swift in Sources */,
				D8458F5B233F54D90025D40F /* ViewController.swift in Sources */,
				D8C711A1233FC65E00D77D75 /* AHandler.swift in Sources */,
				D8458F5D233F572C0025D40F /* ChooseImgVC.swift in Sources */,
				D8C7119F233FB88E00D77D75 /* Recorder.swift in Sources */,
				CEFA98DC23F1F89900104ECF /* BlockVC.swift in Sources */,
				D842604B23408BF8001960FB /* LaunchVC.swift in Sources */,
				D8458F69233F9EE90025D40F /* Calculator.swift in Sources */,
				6111B066215AFDB20090CF58 /* AppDelegate.swift in Sources */,
			);
			runOnlyForDeploymentPostprocessing = 0;
		};
/* End PBXSourcesBuildPhase section */

/* Begin PBXVariantGroup section */
		6111B06B215AFDB20090CF58 /* Main.storyboard */ = {
			isa = PBXVariantGroup;
			children = (
				6111B06C215AFDB20090CF58 /* Base */,
			);
			name = Main.storyboard;
			sourceTree = "<group>";
		};
		6111B070215AFDB50090CF58 /* LaunchScreen.storyboard */ = {
			isa = PBXVariantGroup;
			children = (
				6111B071215AFDB50090CF58 /* Base */,
			);
			name = LaunchScreen.storyboard;
			sourceTree = "<group>";
		};
/* End PBXVariantGroup section */

/* Begin XCBuildConfiguration section */
		6111B074215AFDB50090CF58 /* Debug */ = {
			isa = XCBuildConfiguration;
			buildSettings = {
				ALWAYS_SEARCH_USER_PATHS = NO;
				CLANG_ANALYZER_NONNULL = YES;
				CLANG_ANALYZER_NUMBER_OBJECT_CONVERSION = YES_AGGRESSIVE;
				CLANG_CXX_LANGUAGE_STANDARD = "gnu++14";
				CLANG_CXX_LIBRARY = "libc++";
				CLANG_ENABLE_MODULES = YES;
				CLANG_ENABLE_OBJC_ARC = YES;
				CLANG_ENABLE_OBJC_WEAK = YES;
				CLANG_WARN_BLOCK_CAPTURE_AUTORELEASING = YES;
				CLANG_WARN_BOOL_CONVERSION = YES;
				CLANG_WARN_COMMA = YES;
				CLANG_WARN_CONSTANT_CONVERSION = YES;
				CLANG_WARN_DEPRECATED_OBJC_IMPLEMENTATIONS = YES;
				CLANG_WARN_DIRECT_OBJC_ISA_USAGE = YES_ERROR;
				CLANG_WARN_DOCUMENTATION_COMMENTS = YES;
				CLANG_WARN_EMPTY_BODY = YES;
				CLANG_WARN_ENUM_CONVERSION = YES;
				CLANG_WARN_INFINITE_RECURSION = YES;
				CLANG_WARN_INT_CONVERSION = YES;
				CLANG_WARN_NON_LITERAL_NULL_CONVERSION = YES;
				CLANG_WARN_OBJC_IMPLICIT_RETAIN_SELF = YES;
				CLANG_WARN_OBJC_LITERAL_CONVERSION = YES;
				CLANG_WARN_OBJC_ROOT_CLASS = YES_ERROR;
				CLANG_WARN_RANGE_LOOP_ANALYSIS = YES;
				CLANG_WARN_STRICT_PROTOTYPES = YES;
				CLANG_WARN_SUSPICIOUS_MOVE = YES;
				CLANG_WARN_UNGUARDED_AVAILABILITY = YES_AGGRESSIVE;
				CLANG_WARN_UNREACHABLE_CODE = YES;
				CLANG_WARN__DUPLICATE_METHOD_MATCH = YES;
				CODE_SIGN_IDENTITY = "iPhone Developer";
				COPY_PHASE_STRIP = NO;
				DEBUG_INFORMATION_FORMAT = dwarf;
				ENABLE_STRICT_OBJC_MSGSEND = YES;
				ENABLE_TESTABILITY = YES;
				GCC_C_LANGUAGE_STANDARD = gnu11;
				GCC_DYNAMIC_NO_PIC = NO;
				GCC_NO_COMMON_BLOCKS = YES;
				GCC_OPTIMIZATION_LEVEL = 0;
				GCC_PREPROCESSOR_DEFINITIONS = (
					"DEBUG=1",
					"$(inherited)",
				);
				GCC_WARN_64_TO_32_BIT_CONVERSION = YES;
				GCC_WARN_ABOUT_RETURN_TYPE = YES_ERROR;
				GCC_WARN_UNDECLARED_SELECTOR = YES;
				GCC_WARN_UNINITIALIZED_AUTOS = YES_AGGRESSIVE;
				GCC_WARN_UNUSED_FUNCTION = YES;
				GCC_WARN_UNUSED_VARIABLE = YES;
				IPHONEOS_DEPLOYMENT_TARGET = 11.4;
				MTL_ENABLE_DEBUG_INFO = YES;
				ONLY_ACTIVE_ARCH = YES;
				SDKROOT = iphoneos;
				SWIFT_ACTIVE_COMPILATION_CONDITIONS = DEBUG;
				SWIFT_OPTIMIZATION_LEVEL = "-Onone";
			};
			name = Debug;
		};
		6111B075215AFDB50090CF58 /* Release */ = {
			isa = XCBuildConfiguration;
			buildSettings = {
				ALWAYS_SEARCH_USER_PATHS = NO;
				CLANG_ANALYZER_NONNULL = YES;
				CLANG_ANALYZER_NUMBER_OBJECT_CONVERSION = YES_AGGRESSIVE;
				CLANG_CXX_LANGUAGE_STANDARD = "gnu++14";
				CLANG_CXX_LIBRARY = "libc++";
				CLANG_ENABLE_MODULES = YES;
				CLANG_ENABLE_OBJC_ARC = YES;
				CLANG_ENABLE_OBJC_WEAK = YES;
				CLANG_WARN_BLOCK_CAPTURE_AUTORELEASING = YES;
				CLANG_WARN_BOOL_CONVERSION = YES;
				CLANG_WARN_COMMA = YES;
				CLANG_WARN_CONSTANT_CONVERSION = YES;
				CLANG_WARN_DEPRECATED_OBJC_IMPLEMENTATIONS = YES;
				CLANG_WARN_DIRECT_OBJC_ISA_USAGE = YES_ERROR;
				CLANG_WARN_DOCUMENTATION_COMMENTS = YES;
				CLANG_WARN_EMPTY_BODY = YES;
				CLANG_WARN_ENUM_CONVERSION = YES;
				CLANG_WARN_INFINITE_RECURSION = YES;
				CLANG_WARN_INT_CONVERSION = YES;
				CLANG_WARN_NON_LITERAL_NULL_CONVERSION = YES;
				CLANG_WARN_OBJC_IMPLICIT_RETAIN_SELF = YES;
				CLANG_WARN_OBJC_LITERAL_CONVERSION = YES;
				CLANG_WARN_OBJC_ROOT_CLASS = YES_ERROR;
				CLANG_WARN_RANGE_LOOP_ANALYSIS = YES;
				CLANG_WARN_STRICT_PROTOTYPES = YES;
				CLANG_WARN_SUSPICIOUS_MOVE = YES;
				CLANG_WARN_UNGUARDED_AVAILABILITY = YES_AGGRESSIVE;
				CLANG_WARN_UNREACHABLE_CODE = YES;
				CLANG_WARN__DUPLICATE_METHOD_MATCH = YES;
				CODE_SIGN_IDENTITY = "iPhone Developer";
				COPY_PHASE_STRIP = NO;
				DEBUG_INFORMATION_FORMAT = "dwarf-with-dsym";
				ENABLE_NS_ASSERTIONS = NO;
				ENABLE_STRICT_OBJC_MSGSEND = YES;
				GCC_C_LANGUAGE_STANDARD = gnu11;
				GCC_NO_COMMON_BLOCKS = YES;
				GCC_WARN_64_TO_32_BIT_CONVERSION = YES;
				GCC_WARN_ABOUT_RETURN_TYPE = YES_ERROR;
				GCC_WARN_UNDECLARED_SELECTOR = YES;
				GCC_WARN_UNINITIALIZED_AUTOS = YES_AGGRESSIVE;
				GCC_WARN_UNUSED_FUNCTION = YES;
				GCC_WARN_UNUSED_VARIABLE = YES;
				IPHONEOS_DEPLOYMENT_TARGET = 11.4;
				MTL_ENABLE_DEBUG_INFO = NO;
				SDKROOT = iphoneos;
				SWIFT_COMPILATION_MODE = wholemodule;
				SWIFT_OPTIMIZATION_LEVEL = "-O";
				VALIDATE_PRODUCT = YES;
			};
			name = Release;
		};
		6111B077215AFDB50090CF58 /* Debug */ = {
			isa = XCBuildConfiguration;
			baseConfigurationReference = 521C0C6BB7F27FC22A57A3CC /* Pods-MotionLearn.debug.xcconfig */;
			buildSettings = {
				ASSETCATALOG_COMPILER_APPICON_NAME = AppIcon;
				CODE_SIGN_STYLE = Automatic;
				DEVELOPMENT_TEAM = PZ6SPB33YG;
				INFOPLIST_FILE = MotionLearn/Info.plist;
				IPHONEOS_DEPLOYMENT_TARGET = 13.0;
				LD_RUNPATH_SEARCH_PATHS = (
					"$(inherited)",
					"@executable_path/Frameworks",
				);
				PRODUCT_BUNDLE_IDENTIFIER = com.motion.learning.app;
				PRODUCT_NAME = "Learning M";
				SWIFT_VERSION = 4.0;
				TARGETED_DEVICE_FAMILY = "1,2";
			};
			name = Debug;
		};
		6111B078215AFDB50090CF58 /* Release */ = {
			isa = XCBuildConfiguration;
			baseConfigurationReference = 41516E96BC9D617870E4FFC4 /* Pods-MotionLearn.release.xcconfig */;
			buildSettings = {
				ASSETCATALOG_COMPILER_APPICON_NAME = AppIcon;
				CODE_SIGN_STYLE = Automatic;
				DEVELOPMENT_TEAM = PZ6SPB33YG;
				INFOPLIST_FILE = MotionLearn/Info.plist;
				IPHONEOS_DEPLOYMENT_TARGET = 13.0;
				LD_RUNPATH_SEARCH_PATHS = (
					"$(inherited)",
					"@executable_path/Frameworks",
				);
				PRODUCT_BUNDLE_IDENTIFIER = com.motion.learning.app;
				PRODUCT_NAME = "Learning M";
				SWIFT_VERSION = 4.0;
				TARGETED_DEVICE_FAMILY = "1,2";
			};
			name = Release;
		};
/* End XCBuildConfiguration section */

/* Begin XCConfigurationList section */
		6111B05D215AFDB10090CF58 /* Build configuration list for PBXProject "MotionLearn" */ = {
			isa = XCConfigurationList;
			buildConfigurations = (
				6111B074215AFDB50090CF58 /* Debug */,
				6111B075215AFDB50090CF58 /* Release */,
			);
			defaultConfigurationIsVisible = 0;
			defaultConfigurationName = Release;
		};
		6111B076215AFDB50090CF58 /* Build configuration list for PBXNativeTarget "MotionLearn" */ = {
			isa = XCConfigurationList;
			buildConfigurations = (
				6111B077215AFDB50090CF58 /* Debug */,
				6111B078215AFDB50090CF58 /* Release */,
			);
			defaultConfigurationIsVisible = 0;
			defaultConfigurationName = Release;
		};
/* End XCConfigurationList section */
	};
	rootObject = 6111B05A215AFDB10090CF58 /* Project object */;
}
